adduser=3.152
android-libbase=1:34.0.5-12
android-liblog=1:34.0.5-12
android-libsparse=1:34.0.5-12
android-sdk-libsparse-utils=1:34.0.5-12
apt=3.0.3
avahi-daemon=0.8-16
base-files=13.8+deb13u7
base-passwd=3.6.7
bash=5.2.37-2+b10
bsdutils=1:2.41.5-0+deb13u1
busybox-static=1:1.37.0-6+b9
ca-certificates=20250419
coreutils=9.7-3
curl=8.14.1-2+deb13u5
dash=0.5.12-12
dbus-bin=1.16.2-2
dbus-daemon=1.16.2-2
dbus-session-bus-common=1.16.2-2
dbus-system-bus-common=1.16.2-2
dbus=1.16.2-2
debconf=1.5.91
debian-archive-keyring=2025.1
debianutils=5.23.2
dhcpcd-base=1:10.1.0-11+deb13u4
diffutils=1:3.10-4
dmsetup=2:1.02.205-2
dosfstools=4.2-1.2
dpkg=1.22.22
e2fsprogs=1.47.2-3+b12
efibootmgr=18-2+b1
f2fs-tools=1.16.0-1.1+b1
fdisk=2.41.5-0+deb13u1
file=1:5.46-5
findutils=4.10.0-3
firmware-atheros=20250410-2
fuse3=3.17.2-3
gcc-14-base=14.2.0-19
gdisk=1.0.10-2+b1
grep=3.11-4+b1
gzip=1.13-1+deb13u1
hostname=3.25
init-system-helpers=1.69~deb13u1
iproute2=6.15.0-1
iputils-ping=3:20240905-3
iw=6.9-1+b1
kmod=34.2-2
less=668-1
libacl1=2.3.2-2+b1
libapparmor1=4.1.0-1
libapt-pkg7.0=3.0.3
libattr1=1:2.5.2-3
libaudit-common=1:4.0.2-2+deb13u1
libaudit1=1:4.0.2-2+deb13u1
libavahi-common-data=0.8-16
libavahi-common3=0.8-16
libavahi-core7=0.8-16
libblkid1=2.41.5-0+deb13u1
libbpf1=1:1.5.0-3
libbrotli1=1.1.0-2+b7
libbsd0=0.12.2-2
libbz2-1.0=1.0.8-6
libc-bin=2.41-12+deb13u4
libc6=2.41-12+deb13u4
libcap-ng0=0.8.5-4+b1
libcap2-bin=1:2.75-10+deb13u1+b3
libcap2=1:2.75-10+deb13u1+b3
libcbor0.10=0.10.2-2
libcom-err2=1.47.2-3+b12
libcrypt1=1:4.4.38-1
libcurl4t64=8.14.1-2+deb13u5
libdaemon0=0.14-7.1+b3
libdb5.3t64=5.3.28+dfsg2-9
libdbus-1-3=1.16.2-2
libdebconfclient0=0.280
libdevmapper1.02.1=2:1.02.205-2
libedit2=3.1-20250104-1
libefiboot1t64=38-3.1+b1
libefivar1t64=38-3.1+b1
libelf1t64=0.192-4
libexpat1=2.8.3-1~deb13u1
libext2fs2t64=1.47.2-3+b12
libfdisk1=2.41.5-0+deb13u1
libffi8=3.4.8-2
libfido2-1=1.15.0-1+b1
libfuse3-4=3.17.2-3
libgcc-s1=14.2.0-19
libgcrypt20=1.11.0-7+deb13u1
libgmp10=2:6.3.0+dfsg-3
libgnutls30t64=3.8.9-3+deb13u4
libgpg-error0=1.51-4
libgssapi-krb5-2=1.21.3-5+deb13u1
libhogweed6t64=3.10.1-1
libidn2-0=2.3.8-2
libjson-c5=0.18+ds-1
libk5crypto3=1.21.3-5+deb13u1
libkeyutils1=1.6.3-6
libkmod2=34.2-2
libkrb5-3=1.21.3-5+deb13u1
libkrb5support0=1.21.3-5+deb13u1
liblastlog2-2=2.41.5-0+deb13u1
libldap2=2.6.10+dfsg-1
liblz4-1=1.10.0-4
liblzma5=5.8.1-1+deb13u1
libmagic-mgc=1:5.46-5
libmagic1t64=1:5.46-5
libmd0=1.1.0-2+b1
libmnl0=1.0.5-3
libmount1=2.41.5-0+deb13u1
libncursesw6=6.5+20250216-2
libnettle8t64=3.10.1-1
libnghttp2-14=1.64.0-1.1+deb13u1
libnghttp3-9=1.8.0-1
libnl-3-200=3.7.0-2
libnl-genl-3-200=3.7.0-2
libnl-route-3-200=3.7.0-2
libnss-mdns=0.15.1-4+b1
libntfs-3g89t64=1:2022.10.3-5+deb13u2
libnvme1t64=1.13-2
libp11-kit0=0.25.5-3
libpam-modules-bin=1.7.0-5
libpam-modules=1.7.0-5
libpam-runtime=1.7.0-5
libpam0g=1.7.0-5
libparted2t64=3.6-5
libpci3=1:3.13.0-2
libpcre2-8-0=10.46-1~deb13u2
libpcsclite1=2.3.3-1
libpopt0=1.19+dfsg-2
libproc2-0=2:4.0.4-9
libpsl5t64=0.21.2-1.1+b1
libpython3-stdlib=3.13.5-1
libpython3.13-minimal=3.13.5-2+deb13u5
libpython3.13-stdlib=3.13.5-2+deb13u5
libreadline8t64=8.2-6
librtmp1=2.4+20151223.gitfa8646d.1-2+b5
libsasl2-2=2.1.28+dfsg1-9
libsasl2-modules-db=2.1.28+dfsg1-9
libseccomp2=2.6.0-2
libselinux1=3.8.1-1
libsemanage-common=3.8.1-1
libsemanage2=3.8.1-1
libsepol2=3.8.1-1
libsmartcols1=2.41.5-0+deb13u1
libsqlite3-0=3.46.1-7+deb13u2
libss2=1.47.2-3+b12
libssh2-1t64=1.11.1-1+deb13u2
libssl3t64=3.5.7-1~deb13u2
libstdc++6=14.2.0-19
libsystemd-shared=257.13-1~deb13u1
libsystemd0=257.13-1~deb13u1
libtasn1-6=4.20.0-2+deb13u1
libtext-charwidth-perl=0.04-11+b4
libtext-wrapi18n-perl=0.06-10
libtinfo6=6.5+20250216-2
libtirpc-common=1.3.6+ds-1
libtirpc3t64=1.3.6+ds-1
libudev1=257.13-1~deb13u1
libunistring5=1.3-2
libusb-1.0-0=2:1.0.28-1
libuuid1=2.41.5-0+deb13u1
libwrap0=7.6.q-36
libwtmpdb0=0.73.0-3+deb13u1
libxtables12=1.8.11-2
libxxhash0=0.8.3-2
libzstd1=1.5.7+dfsg-1
login.defs=1:4.17.4-2
login=1:4.16.0-2+really2.41.5-0+deb13u1
logsave=1.47.2-3+b12
mawk=1.3.4.20250131-1
media-types=13.0.0
mount=2.41.5-0+deb13u1
ncurses-base=6.5+20250216-2
ncurses-bin=6.5+20250216-2
netbase=6.5
ntfs-3g=1:2022.10.3-5+deb13u2
nvme-cli=2.13-2
openssh-client=1:10.0p1-7+deb13u4
openssh-server=1:10.0p1-7+deb13u4
openssh-sftp-server=1:10.0p1-7+deb13u4
openssl-provider-legacy=3.5.7-1~deb13u2
openssl=3.5.7-1~deb13u2
parted=3.6-5
passwd=1:4.17.4-2
pci.ids=0.0~2025.06.09-1
pciutils=1:3.13.0-2
perl-base=5.40.1-6+deb13u1
procps=2:4.0.4-9
python3-minimal=3.13.5-1
python3.13-minimal=3.13.5-2+deb13u5
python3.13=3.13.5-2+deb13u5
python3=3.13.5-1
readline-common=8.2-6
rsync=3.4.1+ds1-5+deb13u4
runit-helper=2.16.4
sed=4.9-2+deb13u1
sensible-utils=0.0.25
sqv=1.3.0-3+b2
strace=6.13+ds-1
systemd-boot-efi=257.13-1~deb13u1
systemd-sysv=257.13-1~deb13u1
systemd=257.13-1~deb13u1
sysvinit-utils=3.14-4
tar=1.35+dfsg-3.1
tzdata=2026c-0+deb13u1
ucf=3.0052
udev=257.13-1~deb13u1
usbutils=1:018-2
util-linux=2.41.5-0+deb13u1
uuid-runtime=2.41.5-0+deb13u1
wget=1.25.0-2
wireless-regdb=2026.05.30-1~deb13u1
wpasupplicant=2:2.10-24
xz-utils=5.8.1-1+deb13u1
zlib1g=1:1.3.dfsg+really1.3.1-1+b1
zstd=1.5.7+dfsg-1
